
Microsoft Visual Studio Solution File, Format Version 12.00
# Visual Studio Version 17
VisualStudioVersion = 17.5.33516.290
MinimumVisualStudioVersion = 10.0.40219.1
Project("{8BC9CEB8-8B4A-11D0-8D11-00A0C91BC942}") = "Proga", "Proga\Proga.vcxproj", "{5750E0B0-3A42-46D7-81DE-97DE31863C8F}"
EndProject
Project("{8BC9CEB8-8B4A-11D0-8D11-00A0C91BC942}") = "Proverka_rabot", "Proverka_rabot\Proverka_rabot.vcxproj", "{60058262-669C-4F6D-BF35-1F511E0B7E00}"
EndProject
Project("{8BC9CEB8-8B4A-11D0-8D11-00A0C91BC942}") = "Train", "Train\Train.vcxproj", "{FD15CE3E-15AC-4C31-9897-AABDD52BD6EE}"
EndProject
Project("{8BC9CEB8-8B4A-11D0-8D11-00A0C91BC942}") = "CtrlX,CtrlV 1.0", "CtrlX,CtrlV 1.0\CtrlX,CtrlV 1.0.vcxproj", "{4E94EE64-BCDC-401D-AA1E-ABA7FF9C5F6F}"
EndProject
Project("{8BC9CEB8-8B4A-11D0-8D11-00A0C91BC942}") = "CtrlX,CtrlV 2.0", "CtrlX,CtrlV 2.0\CtrlX,CtrlV 2.0.vcxproj", "{4B69ABF5-73B0-413A-B2A1-C262B6A48F72}"
EndProject
Project("{8BC9CEB8-8B4A-11D0-8D11-00A0C91BC942}") = "Proga_DZ", "Proga_DZ\Proga_DZ.vcxproj", "{EB5FAA86-A136-454C-B473-179AA5C68CFD}"
EndProject
Project("{8BC9CEB8-8B4A-11D0-8D11-00A0C91BC942}") = "Task2", "Task2\Task2.vcxproj", "{5707EB5D-3256-436B-8AE7-D5774504759A}"
EndProject
Project("{8BC9CEB8-8B4A-11D0-8D11-00A0C91BC942}") = "Task3", "Task3\Task3.vcxproj", "{5C5B6012-BE7F-4E88-AB37-DEE9678E3BF7}"
EndProject
Project("{8BC9CEB8-8B4A-11D0-8D11-00A0C91BC942}") = "Task4", "Task4\Task4.vcxproj", "{CEB91F34-2879-4AE9-A0B5-1DBFD8482774}"
EndProject
Project("{8BC9CEB8-8B4A-11D0-8D11-00A0C91BC942}") = "Task5", "Task5\Task5.vcxproj", "{5FA16B38-9E42-4195-AAFC-C707E2FD7D80}"
EndProject
Project("{8BC9CEB8-8B4A-11D0-8D11-00A0C91BC942}") = "algorithm", "algorithm\algorithm.vcxproj", "{0B8DDC8D-83FA-46C2-984B-00644417DA31}"
EndProject
Project("{8BC9CEB8-8B4A-11D0-8D11-00A0C91BC942}") = "adapter", "adapter\adapter.vcxproj", "{79A410C3-D555-486C-B8E0-5D524618B8AD}"
EndProject
Project("{8BC9CEB8-8B4A-11D0-8D11-00A0C91BC942}") = "Sorting", "Sorting\Sorting.vcxproj", "{6B15162F-556F-4B77-8AE5-DD92DEB74DF6}"
EndProject
Project("{8BC9CEB8-8B4A-11D0-8D11-00A0C91BC942}") = "Hash_string", "Hash_string\Hash_string.vcxproj", "{D561D3B6-8429-4F98-A83C-58FD923A9769}"
EndProject
Project("{8BC9CEB8-8B4A-11D0-8D11-00A0C91BC942}") = "Graphs", "Graphs\Graphs.vcxproj", "{DE4BBEC4-C146-430F-93BD-DF9A6C0BC84B}"
EndProject
Project("{8BC9CEB8-8B4A-11D0-8D11-00A0C91BC942}") = "Graphs_1", "Graphs_1\Graphs_1.vcxproj", "{BFD3DDDF-E46A-4FA8-BCAE-785E419EADC6}"
EndProject
Project("{8BC9CEB8-8B4A-11D0-8D11-00A0C91BC942}") = "Enumeration", "Enumeration\Enumeration.vcxproj", "{59CD39BA-BA56-469F-B42A-533026D60604}"
EndProject
Project("{8BC9CEB8-8B4A-11D0-8D11-00A0C91BC942}") = "Contest_final", "Contest_final\Contest_final.vcxproj", "{134571BC-5843-4CDC-B6AA-08D9B9922729}"
EndProject
Global
	GlobalSection(SolutionConfigurationPlatforms) = preSolution
		Debug|x64 = Debug|x64
		Debug|x86 = Debug|x86
		Release|x64 = Release|x64
		Release|x86 = Release|x86
	EndGlobalSection
	GlobalSection(ProjectConfigurationPlatforms) = postSolution
		{5750E0B0-3A42-46D7-81DE-97DE31863C8F}.Debug|x64.ActiveCfg = Debug|x64
		{5750E0B0-3A42-46D7-81DE-97DE31863C8F}.Debug|x64.Build.0 = Debug|x64
		{5750E0B0-3A42-46D7-81DE-97DE31863C8F}.Debug|x86.ActiveCfg = Debug|Win32
		{5750E0B0-3A42-46D7-81DE-97DE31863C8F}.Debug|x86.Build.0 = Debug|Win32
		{5750E0B0-3A42-46D7-81DE-97DE31863C8F}.Release|x64.ActiveCfg = Release|x64
		{5750E0B0-3A42-46D7-81DE-97DE31863C8F}.Release|x64.Build.0 = Release|x64
		{5750E0B0-3A42-46D7-81DE-97DE31863C8F}.Release|x86.ActiveCfg = Release|Win32
		{5750E0B0-3A42-46D7-81DE-97DE31863C8F}.Release|x86.Build.0 = Release|Win32
		{60058262-669C-4F6D-BF35-1F511E0B7E00}.Debug|x64.ActiveCfg = Debug|x64
		{60058262-669C-4F6D-BF35-1F511E0B7E00}.Debug|x64.Build.0 = Debug|x64
		{60058262-669C-4F6D-BF35-1F511E0B7E00}.Debug|x86.ActiveCfg = Debug|Win32
		{60058262-669C-4F6D-BF35-1F511E0B7E00}.Debug|x86.Build.0 = Debug|Win32
		{60058262-669C-4F6D-BF35-1F511E0B7E00}.Release|x64.ActiveCfg = Release|x64
		{60058262-669C-4F6D-BF35-1F511E0B7E00}.Release|x64.Build.0 = Release|x64
		{60058262-669C-4F6D-BF35-1F511E0B7E00}.Release|x86.ActiveCfg = Release|Win32
		{60058262-669C-4F6D-BF35-1F511E0B7E00}.Release|x86.Build.0 = Release|Win32
		{FD15CE3E-15AC-4C31-9897-AABDD52BD6EE}.Debug|x64.ActiveCfg = Debug|x64
		{FD15CE3E-15AC-4C31-9897-AABDD52BD6EE}.Debug|x64.Build.0 = Debug|x64
		{FD15CE3E-15AC-4C31-9897-AABDD52BD6EE}.Debug|x86.ActiveCfg = Debug|Win32
		{FD15CE3E-15AC-4C31-9897-AABDD52BD6EE}.Debug|x86.Build.0 = Debug|Win32
		{FD15CE3E-15AC-4C31-9897-AABDD52BD6EE}.Release|x64.ActiveCfg = Release|x64
		{FD15CE3E-15AC-4C31-9897-AABDD52BD6EE}.Release|x64.Build.0 = Release|x64
		{FD15CE3E-15AC-4C31-9897-AABDD52BD6EE}.Release|x86.ActiveCfg = Release|Win32
		{FD15CE3E-15AC-4C31-9897-AABDD52BD6EE}.Release|x86.Build.0 = Release|Win32
		{4E94EE64-BCDC-401D-AA1E-ABA7FF9C5F6F}.Debug|x64.ActiveCfg = Debug|x64
		{4E94EE64-BCDC-401D-AA1E-ABA7FF9C5F6F}.Debug|x64.Build.0 = Debug|x64
		{4E94EE64-BCDC-401D-AA1E-ABA7FF9C5F6F}.Debug|x86.ActiveCfg = Debug|Win32
		{4E94EE64-BCDC-401D-AA1E-ABA7FF9C5F6F}.Debug|x86.Build.0 = Debug|Win32
		{4E94EE64-BCDC-401D-AA1E-ABA7FF9C5F6F}.Release|x64.ActiveCfg = Release|x64
		{4E94EE64-BCDC-401D-AA1E-ABA7FF9C5F6F}.Release|x64.Build.0 = Release|x64
		{4E94EE64-BCDC-401D-AA1E-ABA7FF9C5F6F}.Release|x86.ActiveCfg = Release|Win32
		{4E94EE64-BCDC-401D-AA1E-ABA7FF9C5F6F}.Release|x86.Build.0 = Release|Win32
		{4B69ABF5-73B0-413A-B2A1-C262B6A48F72}.Debug|x64.ActiveCfg = Debug|x64
		{4B69ABF5-73B0-413A-B2A1-C262B6A48F72}.Debug|x64.Build.0 = Debug|x64
		{4B69ABF5-73B0-413A-B2A1-C262B6A48F72}.Debug|x86.ActiveCfg = Debug|Win32
		{4B69ABF5-73B0-413A-B2A1-C262B6A48F72}.Debug|x86.Build.0 = Debug|Win32
		{4B69ABF5-73B0-413A-B2A1-C262B6A48F72}.Release|x64.ActiveCfg = Release|x64
		{4B69ABF5-73B0-413A-B2A1-C262B6A48F72}.Release|x64.Build.0 = Release|x64
		{4B69ABF5-73B0-413A-B2A1-C262B6A48F72}.Release|x86.ActiveCfg = Release|Win32
		{4B69ABF5-73B0-413A-B2A1-C262B6A48F72}.Release|x86.Build.0 = Release|Win32
		{EB5FAA86-A136-454C-B473-179AA5C68CFD}.Debug|x64.ActiveCfg = Debug|x64
		{EB5FAA86-A136-454C-B473-179AA5C68CFD}.Debug|x64.Build.0 = Debug|x64
		{EB5FAA86-A136-454C-B473-179AA5C68CFD}.Debug|x86.ActiveCfg = Debug|Win32
		{EB5FAA86-A136-454C-B473-179AA5C68CFD}.Debug|x86.Build.0 = Debug|Win32
		{EB5FAA86-A136-454C-B473-179AA5C68CFD}.Release|x64.ActiveCfg = Release|x64
		{EB5FAA86-A136-454C-B473-179AA5C68CFD}.Release|x64.Build.0 = Release|x64
		{EB5FAA86-A136-454C-B473-179AA5C68CFD}.Release|x86.ActiveCfg = Release|Win32
		{EB5FAA86-A136-454C-B473-179AA5C68CFD}.Release|x86.Build.0 = Release|Win32
		{5707EB5D-3256-436B-8AE7-D5774504759A}.Debug|x64.ActiveCfg = Debug|x64
		{5707EB5D-3256-436B-8AE7-D5774504759A}.Debug|x64.Build.0 = Debug|x64
		{5707EB5D-3256-436B-8AE7-D5774504759A}.Debug|x86.ActiveCfg = Debug|Win32
		{5707EB5D-3256-436B-8AE7-D5774504759A}.Debug|x86.Build.0 = Debug|Win32
		{5707EB5D-3256-436B-8AE7-D5774504759A}.Release|x64.ActiveCfg = Release|x64
		{5707EB5D-3256-436B-8AE7-D5774504759A}.Release|x64.Build.0 = Release|x64
		{5707EB5D-3256-436B-8AE7-D5774504759A}.Release|x86.ActiveCfg = Release|Win32
		{5707EB5D-3256-436B-8AE7-D5774504759A}.Release|x86.Build.0 = Release|Win32
		{5C5B6012-BE7F-4E88-AB37-DEE9678E3BF7}.Debug|x64.ActiveCfg = Debug|x64
		{5C5B6012-BE7F-4E88-AB37-DEE9678E3BF7}.Debug|x64.Build.0 = Debug|x64
		{5C5B6012-BE7F-4E88-AB37-DEE9678E3BF7}.Debug|x86.ActiveCfg = Debug|Win32
		{5C5B6012-BE7F-4E88-AB37-DEE9678E3BF7}.Debug|x86.Build.0 = Debug|Win32
		{5C5B6012-BE7F-4E88-AB37-DEE9678E3BF7}.Release|x64.ActiveCfg = Release|x64
		{5C5B6012-BE7F-4E88-AB37-DEE9678E3BF7}.Release|x64.Build.0 = Release|x64
		{5C5B6012-BE7F-4E88-AB37-DEE9678E3BF7}.Release|x86.ActiveCfg = Release|Win32
		{5C5B6012-BE7F-4E88-AB37-DEE9678E3BF7}.Release|x86.Build.0 = Release|Win32
		{CEB91F34-2879-4AE9-A0B5-1DBFD8482774}.Debug|x64.ActiveCfg = Debug|x64
		{CEB91F34-2879-4AE9-A0B5-1DBFD8482774}.Debug|x64.Build.0 = Debug|x64
		{CEB91F34-2879-4AE9-A0B5-1DBFD8482774}.Debug|x86.ActiveCfg = Debug|Win32
		{CEB91F34-2879-4AE9-A0B5-1DBFD8482774}.Debug|x86.Build.0 = Debug|Win32
		{CEB91F34-2879-4AE9-A0B5-1DBFD8482774}.Release|x64.ActiveCfg = Release|x64
		{CEB91F34-2879-4AE9-A0B5-1DBFD8482774}.Release|x64.Build.0 = Release|x64
		{CEB91F34-2879-4AE9-A0B5-1DBFD8482774}.Release|x86.ActiveCfg = Release|Win32
		{CEB91F34-2879-4AE9-A0B5-1DBFD8482774}.Release|x86.Build.0 = Release|Win32
		{5FA16B38-9E42-4195-AAFC-C707E2FD7D80}.Debug|x64.ActiveCfg = Debug|x64
		{5FA16B38-9E42-4195-AAFC-C707E2FD7D80}.Debug|x64.Build.0 = Debug|x64
		{5FA16B38-9E42-4195-AAFC-C707E2FD7D80}.Debug|x86.ActiveCfg = Debug|Win32
		{5FA16B38-9E42-4195-AAFC-C707E2FD7D80}.Debug|x86.Build.0 = Debug|Win32
		{5FA16B38-9E42-4195-AAFC-C707E2FD7D80}.Release|x64.ActiveCfg = Release|x64
		{5FA16B38-9E42-4195-AAFC-C707E2FD7D80}.Release|x64.Build.0 = Release|x64
		{5FA16B38-9E42-4195-AAFC-C707E2FD7D80}.Release|x86.ActiveCfg = Release|Win32
		{5FA16B38-9E42-4195-AAFC-C707E2FD7D80}.Release|x86.Build.0 = Release|Win32
		{0B8DDC8D-83FA-46C2-984B-00644417DA31}.Debug|x64.ActiveCfg = Debug|x64
		{0B8DDC8D-83FA-46C2-984B-00644417DA31}.Debug|x64.Build.0 = Debug|x64
		{0B8DDC8D-83FA-46C2-984B-00644417DA31}.Debug|x86.ActiveCfg = Debug|Win32
		{0B8DDC8D-83FA-46C2-984B-00644417DA31}.Debug|x86.Build.0 = Debug|Win32
		{0B8DDC8D-83FA-46C2-984B-00644417DA31}.Release|x64.ActiveCfg = Release|x64
		{0B8DDC8D-83FA-46C2-984B-00644417DA31}.Release|x64.Build.0 = Release|x64
		{0B8DDC8D-83FA-46C2-984B-00644417DA31}.Release|x86.ActiveCfg = Release|Win32
		{0B8DDC8D-83FA-46C2-984B-00644417DA31}.Release|x86.Build.0 = Release|Win32
		{79A410C3-D555-486C-B8E0-5D524618B8AD}.Debug|x64.ActiveCfg = Debug|x64
		{79A410C3-D555-486C-B8E0-5D524618B8AD}.Debug|x64.Build.0 = Debug|x64
		{79A410C3-D555-486C-B8E0-5D524618B8AD}.Debug|x86.ActiveCfg = Debug|Win32
		{79A410C3-D555-486C-B8E0-5D524618B8AD}.Debug|x86.Build.0 = Debug|Win32
		{79A410C3-D555-486C-B8E0-5D524618B8AD}.Release|x64.ActiveCfg = Release|x64
		{79A410C3-D555-486C-B8E0-5D524618B8AD}.Release|x64.Build.0 = Release|x64
		{79A410C3-D555-486C-B8E0-5D524618B8AD}.Release|x86.ActiveCfg = Release|Win32
		{79A410C3-D555-486C-B8E0-5D524618B8AD}.Release|x86.Build.0 = Release|Win32
		{6B15162F-556F-4B77-8AE5-DD92DEB74DF6}.Debug|x64.ActiveCfg = Debug|x64
		{6B15162F-556F-4B77-8AE5-DD92DEB74DF6}.Debug|x64.Build.0 = Debug|x64
		{6B15162F-556F-4B77-8AE5-DD92DEB74DF6}.Debug|x86.ActiveCfg = Debug|Win32
		{6B15162F-556F-4B77-8AE5-DD92DEB74DF6}.Debug|x86.Build.0 = Debug|Win32
		{6B15162F-556F-4B77-8AE5-DD92DEB74DF6}.Release|x64.ActiveCfg = Release|x64
		{6B15162F-556F-4B77-8AE5-DD92DEB74DF6}.Release|x64.Build.0 = Release|x64
		{6B15162F-556F-4B77-8AE5-DD92DEB74DF6}.Release|x86.ActiveCfg = Release|Win32
		{6B15162F-556F-4B77-8AE5-DD92DEB74DF6}.Release|x86.Build.0 = Release|Win32
		{D561D3B6-8429-4F98-A83C-58FD923A9769}.Debug|x64.ActiveCfg = Debug|x64
		{D561D3B6-8429-4F98-A83C-58FD923A9769}.Debug|x64.Build.0 = Debug|x64
		{D561D3B6-8429-4F98-A83C-58FD923A9769}.Debug|x86.ActiveCfg = Debug|Win32
		{D561D3B6-8429-4F98-A83C-58FD923A9769}.Debug|x86.Build.0 = Debug|Win32
		{D561D3B6-8429-4F98-A83C-58FD923A9769}.Release|x64.ActiveCfg = Release|x64
		{D561D3B6-8429-4F98-A83C-58FD923A9769}.Release|x64.Build.0 = Release|x64
		{D561D3B6-8429-4F98-A83C-58FD923A9769}.Release|x86.ActiveCfg = Release|Win32
		{D561D3B6-8429-4F98-A83C-58FD923A9769}.Release|x86.Build.0 = Release|Win32
		{DE4BBEC4-C146-430F-93BD-DF9A6C0BC84B}.Debug|x64.ActiveCfg = Debug|x64
		{DE4BBEC4-C146-430F-93BD-DF9A6C0BC84B}.Debug|x64.Build.0 = Debug|x64
		{DE4BBEC4-C146-430F-93BD-DF9A6C0BC84B}.Debug|x86.ActiveCfg = Debug|Win32
		{DE4BBEC4-C146-430F-93BD-DF9A6C0BC84B}.Debug|x86.Build.0 = Debug|Win32
		{DE4BBEC4-C146-430F-93BD-DF9A6C0BC84B}.Release|x64.ActiveCfg = Release|x64
		{DE4BBEC4-C146-430F-93BD-DF9A6C0BC84B}.Release|x64.Build.0 = Release|x64
		{DE4BBEC4-C146-430F-93BD-DF9A6C0BC84B}.Release|x86.ActiveCfg = Release|Win32
		{DE4BBEC4-C146-430F-93BD-DF9A6C0BC84B}.Release|x86.Build.0 = Release|Win32
		{BFD3DDDF-E46A-4FA8-BCAE-785E419EADC6}.Debug|x64.ActiveCfg = Debug|x64
		{BFD3DDDF-E46A-4FA8-BCAE-785E419EADC6}.Debug|x64.Build.0 = Debug|x64
		{BFD3DDDF-E46A-4FA8-BCAE-785E419EADC6}.Debug|x86.ActiveCfg = Debug|Win32
		{BFD3DDDF-E46A-4FA8-BCAE-785E419EADC6}.Debug|x86.Build.0 = Debug|Win32
		{BFD3DDDF-E46A-4FA8-BCAE-785E419EADC6}.Release|x64.ActiveCfg = Release|x64
		{BFD3DDDF-E46A-4FA8-BCAE-785E419EADC6}.Release|x64.Build.0 = Release|x64
		{BFD3DDDF-E46A-4FA8-BCAE-785E419EADC6}.Release|x86.ActiveCfg = Release|Win32
		{BFD3DDDF-E46A-4FA8-BCAE-785E419EADC6}.Release|x86.Build.0 = Release|Win32
		{59CD39BA-BA56-469F-B42A-533026D60604}.Debug|x64.ActiveCfg = Debug|x64
		{59CD39BA-BA56-469F-B42A-533026D60604}.Debug|x64.Build.0 = Debug|x64
		{59CD39BA-BA56-469F-B42A-533026D60604}.Debug|x86.ActiveCfg = Debug|Win32
		{59CD39BA-BA56-469F-B42A-533026D60604}.Debug|x86.Build.0 = Debug|Win32
		{59CD39BA-BA56-469F-B42A-533026D60604}.Release|x64.ActiveCfg = Release|x64
		{59CD39BA-BA56-469F-B42A-533026D60604}.Release|x64.Build.0 = Release|x64
		{59CD39BA-BA56-469F-B42A-533026D60604}.Release|x86.ActiveCfg = Release|Win32
		{59CD39BA-BA56-469F-B42A-533026D60604}.Release|x86.Build.0 = Release|Win32
		{134571BC-5843-4CDC-B6AA-08D9B9922729}.Debug|x64.ActiveCfg = Debug|x64
		{134571BC-5843-4CDC-B6AA-08D9B9922729}.Debug|x64.Build.0 = Debug|x64
		{134571BC-5843-4CDC-B6AA-08D9B9922729}.Debug|x86.ActiveCfg = Debug|Win32
		{134571BC-5843-4CDC-B6AA-08D9B9922729}.Debug|x86.Build.0 = Debug|Win32
		{134571BC-5843-4CDC-B6AA-08D9B9922729}.Release|x64.ActiveCfg = Release|x64
		{134571BC-5843-4CDC-B6AA-08D9B9922729}.Release|x64.Build.0 = Release|x64
		{134571BC-5843-4CDC-B6AA-08D9B9922729}.Release|x86.ActiveCfg = Release|Win32
		{134571BC-5843-4CDC-B6AA-08D9B9922729}.Release|x86.Build.0 = Release|Win32
	EndGlobalSection
	GlobalSection(SolutionProperties) = preSolution
		HideSolutionNode = FALSE
	EndGlobalSection
	GlobalSection(ExtensibilityGlobals) = postSolution
		SolutionGuid = {3B504639-E44B-4D12-BED4-740481E8478C}
	EndGlobalSection
EndGlobal
